
Microsoft Visual Studio Solution File, Format Version 12.00
# Visual Studio Version 17
VisualStudioVersion = 17.8.34322.80
MinimumVisualStudioVersion = 10.0.40219.1
Project("{9A19103F-16F7-4668-BE54-9A1E7A4F7556}") = "WeatherAPI", "WeatherAPI.csproj", "{B98D606E-01D4-4FEC-A8D2-5F92CADCBA11}"
EndProject
Project("{FAE04EC0-301F-11D3-BF4B-00C04F79EFBC}") = "WeatherAPI.UnitTests", "..\WeatherAPI.UnitTests\WeatherAPI.UnitTests.csproj", "{B6DE7F5C-1A0A-448F-A46F-A185E4477968}"
EndProject
Global
	GlobalSection(SolutionConfigurationPlatforms) = preSolution
		Debug|Any CPU = Debug|Any CPU
		Release|Any CPU = Release|Any CPU
	EndGlobalSection
	GlobalSection(ProjectConfigurationPlatforms) = postSolution
		{B98D606E-01D4-4FEC-A8D2-5F92CADCBA11}.Debug|Any CPU.ActiveCfg = Debug|Any CPU
		{B98D606E-01D4-4FEC-A8D2-5F92CADCBA11}.Debug|Any CPU.Build.0 = Debug|Any CPU
		{B98D606E-01D4-4FEC-A8D2-5F92CADCBA11}.Release|Any CPU.ActiveCfg = Release|Any CPU
		{B98D606E-01D4-4FEC-A8D2-5F92CADCBA11}.Release|Any CPU.Build.0 = Release|Any CPU
		{B6DE7F5C-1A0A-448F-A46F-A185E4477968}.Debug|Any CPU.ActiveCfg = Debug|Any CPU
		{B6DE7F5C-1A0A-448F-A46F-A185E4477968}.Debug|Any CPU.Build.0 = Debug|Any CPU
		{B6DE7F5C-1A0A-448F-A46F-A185E4477968}.Release|Any CPU.ActiveCfg = Release|Any CPU
		{B6DE7F5C-1A0A-448F-A46F-A185E4477968}.Release|Any CPU.Build.0 = Release|Any CPU
	EndGlobalSection
	GlobalSection(SolutionProperties) = preSolution
		HideSolutionNode = FALSE
	EndGlobalSection
	GlobalSection(ExtensibilityGlobals) = postSolution
		SolutionGuid = {F79BEDFC-0106-436D-A53B-2A57EA917A63}
	EndGlobalSection
EndGlobal
